// !$*UTF8*$!
{
	archiveVersion = 1;
	classes = {
	};
	objectVersion = 77;
	objects = {

/* Begin PBXBuildFile section */
		2FB3D18F728D6D9C98B01C71 /* ExportView.swift in Sources */ = {isa = PBXBuildFile; fileRef = 6E7503421A191CDFC28CB3DC /* ExportView.swift */; };
		BC2DAC1B504DF85FDF0E6026 /* HapticManager.swift in Sources */ = {isa = PBXBuildFile; fileRef = 10CE11E34BF97B493283C827 /* HapticManager.swift */; };
		BA1885C1B1E9B34BAD45A844 /* CSVExporter.swift in Sources */ = {isa = PBXBuildFile; fileRef = 1C8E6FD68F0CF142049B5DA3 /* CSVExporter.swift */; };
		0D2DC73A3D9FA8837664DC88 /* ThemeManager.swift in Sources */ = {isa = PBXBuildFile; fileRef = DBEE948B5CCE9BAB006C94DB /* ThemeManager.swift */; };
		F05512EE6C078D52C9390CBA /* CashflowTrendView.swift in Sources */ = {isa = PBXBuildFile; fileRef = 58F6BAD20B19FC11779A5CCE /* CashflowTrendView.swift */; };
		981F89E4F1DA9ABA7B5D14FF /* MonthlySummaryView.swift in Sources */ = {isa = PBXBuildFile; fileRef = B3BFC92304F641CB8C2A8510 /* MonthlySummaryView.swift */; };
		36006235EE9DAE847B4589F0 /* DailyLimitWidgetView.swift in Sources */ = {isa = PBXBuildFile; fileRef = FCF7E2EDFC6B071CFCEC0A18 /* DailyLimitWidgetView.swift */; };
		85BDF15FD88C64BBEF792145 /* WidgetFilterView.swift in Sources */ = {isa = PBXBuildFile; fileRef = C0177F2202C1E0ED252FB091 /* WidgetFilterView.swift */; };
		DB6393633223F3DB50F432FA /* CalculatorKeyboardView.swift in Sources */ = {isa = PBXBuildFile; fileRef = E9995D671A28C30260FC7BB1 /* CalculatorKeyboardView.swift */; };
		E314092E3536BFA7F649F01C /* CalculatorState.swift in Sources */ = {isa = PBXBuildFile; fileRef = 0ED40284127D03030846ADF7 /* CalculatorState.swift */; };
		18D628A8DDDF19D6456D5E82 /* AISettingsView.swift in Sources */ = {isa = PBXBuildFile; fileRef = 3C45C7083D46285E90307AF2 /* AISettingsView.swift */; };
		1CD9E1E30909A360C8222A11 /* EvidenceCardView.swift in Sources */ = {isa = PBXBuildFile; fileRef = F5C90ADB36677C52FF8CF229 /* EvidenceCardView.swift */; };
		153290C3258EFC860735B9AB /* ActionPreviewSheet.swift in Sources */ = {isa = PBXBuildFile; fileRef = DE2B41CAE1AE45DE34E444CF /* ActionPreviewSheet.swift */; };
		93C257ABF7CCF9AD937207CF /* AssistantModels.swift in Sources */ = {isa = PBXBuildFile; fileRef = D59839D2402537940E6A5C7F /* AssistantModels.swift */; };
		0345570121348BC01B535E8F /* SavingsViewModel.swift in Sources */ = {isa = PBXBuildFile; fileRef = 8F136560E724B698AAFBBF9A /* SavingsViewModel.swift */; };
		047E52ED7B05D07131A59598 /* CategoriesManagementView.swift in Sources */ = {isa = PBXBuildFile; fileRef = 79D3F86C311C26A7151BAE83 /* CategoriesManagementView.swift */; };
		04A6BDF7961FC89DAC1B65AB /* SavingsGoalRepository.swift in Sources */ = {isa = PBXBuildFile; fileRef = AF0E061C6C28A734527E14ED /* SavingsGoalRepository.swift */; };
		04DF61DAB1C3076A88989578 /* SupabaseManager.swift in Sources */ = {isa = PBXBuildFile; fileRef = B8ADA415BE7DDBDBAEAFAD34 /* SupabaseManager.swift */; };
		06786FE8B2570DFE40FD4647 /* CategoryPickerView.swift in Sources */ = {isa = PBXBuildFile; fileRef = 4C211FAE78CA989CB0EFAA97 /* CategoryPickerView.swift */; };
		0AA8DBCDA3C13B7FC5B3DB6D /* AchievementsViewModel.swift in Sources */ = {isa = PBXBuildFile; fileRef = 01B140AC1B112CBFC6D9195C /* AchievementsViewModel.swift */; };
		0B0796B0A38CBB492660CC3D /* DataStore.swift in Sources */ = {isa = PBXBuildFile; fileRef = 50EA40FA65D58EED86060438 /* DataStore.swift */; };
		0B40F2176CF35BF2DC6C61F4 /* AppConstants.swift in Sources */ = {isa = PBXBuildFile; fileRef = 6280C5856C5C60280581779C /* AppConstants.swift */; };
		0D6B6D8A18C6B6BAD00CF5B2 /* MigrationCodeView.swift in Sources */ = {isa = PBXBuildFile; fileRef = F3E319DCDCF80CFB17EC0B0A /* MigrationCodeView.swift */; };
		10F97B22C79C67FDB07207BC /* TransactionRepository.swift in Sources */ = {isa = PBXBuildFile; fileRef = 8121C05311966E50C6E7FAB2 /* TransactionRepository.swift */; };
		16B7625EEFAB6145746BBDFC /* AchievementsView.swift in Sources */ = {isa = PBXBuildFile; fileRef = E0A3922D42CB0CAE5BF84F31 /* AchievementsView.swift */; };
		16F1A8ED9E4B861607A9ACC1 /* LoginView.swift in Sources */ = {isa = PBXBuildFile; fileRef = 8123FDB865E539181DB1A69E /* LoginView.swift */; };
		178818E53F8CC46FDABCC0AF /* FilterHeaderView.swift in Sources */ = {isa = PBXBuildFile; fileRef = 60E9E3612446CC1E7CCC72C7 /* FilterHeaderView.swift */; };
		193EBB589BB33E2C397F722D /* Date+Formatting.swift in Sources */ = {isa = PBXBuildFile; fileRef = 84050C2ADCAA39D342B4D8C0 /* Date+Formatting.swift */; };
		1991DC6405A7EBB651C84992 /* AssistantViewModel.swift in Sources */ = {isa = PBXBuildFile; fileRef = 19C93145D460195AF47EF461 /* AssistantViewModel.swift */; };
		28AFE736EC9592E9183920B7 /* ContentView.swift in Sources */ = {isa = PBXBuildFile; fileRef = 7263138B76430D9B90ABCE14 /* ContentView.swift */; };
		299A3E39D38911A7265B2818 /* BudgetsTabView.swift in Sources */ = {isa = PBXBuildFile; fileRef = E66DD3DED8AB88DA009D848E /* BudgetsTabView.swift */; };
		31DF342CF6FEFEE6F1924ED1 /* Color+Theme.swift in Sources */ = {isa = PBXBuildFile; fileRef = C5FB0ED5DFB48929E8AD65FA /* Color+Theme.swift */; };
		328C8AA23D1D82DF282F1A65 /* NotificationManager.swift in Sources */ = {isa = PBXBuildFile; fileRef = D178657F88574DCC92D234A4 /* NotificationManager.swift */; };
		3416533845CF28DA540CF85F /* CategoryRepository.swift in Sources */ = {isa = PBXBuildFile; fileRef = 23B12AC84543A571832A93DC /* CategoryRepository.swift */; };
		34701C0375E0821A4B380C23 /* SavingsGoal.swift in Sources */ = {isa = PBXBuildFile; fileRef = 676EE98C810DA6B91945C676 /* SavingsGoal.swift */; };
		38224DB6CBF4C019AA4F4055 /* SavingsGoalFormView.swift in Sources */ = {isa = PBXBuildFile; fileRef = 53FDEFCC827F6CD5FCB66A64 /* SavingsGoalFormView.swift */; };
		3A8F5E36A0D52778E4D2125B /* BudgetsViewModel.swift in Sources */ = {isa = PBXBuildFile; fileRef = 8678B93E432A8A952260CA8C /* BudgetsViewModel.swift */; };
		3C00592389B16543614C0DF5 /* ShareAccountView.swift in Sources */ = {isa = PBXBuildFile; fileRef = 9DE8D1CB7AD218C241D29AAD /* ShareAccountView.swift */; };
		3D3CBA608DD17303C9CB2CA0 /* SavingsGoalDetailView.swift in Sources */ = {isa = PBXBuildFile; fileRef = 6A2C2B31DBF9895FB58D8A37 /* SavingsGoalDetailView.swift */; };
		3FC6D5392A1C7C1E40FD4169 /* NotificationSettingsView.swift in Sources */ = {isa = PBXBuildFile; fileRef = EF5E0807225F173AC0E211EB /* NotificationSettingsView.swift */; };
		465082A804C06A6B10001523 /* PreviewData.swift in Sources */ = {isa = PBXBuildFile; fileRef = BA3D17B9D8791B07B1727952 /* PreviewData.swift */; };
		46BB4A88B6171524048E702F /* AccountCarouselView.swift in Sources */ = {isa = PBXBuildFile; fileRef = B3BFF1D29A1C0333F6FE9665 /* AccountCarouselView.swift */; };
		47842FCC0F409787ABE1706A /* SubscriptionListView.swift in Sources */ = {isa = PBXBuildFile; fileRef = C83CE862E61CD29CA1E8F980 /* SubscriptionListView.swift */; };
		4875E49D68D6CEF0ACFCBA34 /* InsightCardsView.swift in Sources */ = {isa = PBXBuildFile; fileRef = 6D058D6C4B704A2FC9F6F868 /* InsightCardsView.swift */; };
		4A46476188E69C939508048F /* Subscription.swift in Sources */ = {isa = PBXBuildFile; fileRef = 23F9D90EF1B888C2E1CB0D90 /* Subscription.swift */; };
		4C7B88FA388B736C22FFC444 /* PaymentManager.swift in Sources */ = {isa = PBXBuildFile; fileRef = 8473385CFEE3FE00448561C8 /* PaymentManager.swift */; };
		4DFA98A29CD11692D0D8EA90 /* BudgetRepository.swift in Sources */ = {isa = PBXBuildFile; fileRef = DC9CEC09B09C3CEE4AA15174 /* BudgetRepository.swift */; };
		53C1915048C8687517E78A47 /* AchievementRepository.swift in Sources */ = {isa = PBXBuildFile; fileRef = 46150F6E1E8857A9291AA5C9 /* AchievementRepository.swift */; };
		5779DCB9FEAC9A89DF222F99 /* FABView.swift in Sources */ = {isa = PBXBuildFile; fileRef = 758C1D80AF7211A0229E2AF1 /* FABView.swift */; };
		5A843CB504E6A189C1618FEE /* HomeSavingsSnapshotView.swift in Sources */ = {isa = PBXBuildFile; fileRef = 149E11AA96194A21601EE73F /* HomeSavingsSnapshotView.swift */; };
		5D06A7492FB09370A52F5C3C /* PortfolioChartView.swift in Sources */ = {isa = PBXBuildFile; fileRef = 19329F8617609B485DA08998 /* PortfolioChartView.swift */; };
		600CAE4C370262B21A671AC4 /* EmptyStateView.swift in Sources */ = {isa = PBXBuildFile; fileRef = EEFD67D22658062E0AF548E0 /* EmptyStateView.swift */; };
		63A3AEF9EE4B365CD7AAEB43 /* Transaction.swift in Sources */ = {isa = PBXBuildFile; fileRef = 4068BD5C2B34539ACEE31559 /* Transaction.swift */; };
		67653039202E4322F26F51E5 /* Budget.swift in Sources */ = {isa = PBXBuildFile; fileRef = 1B9D566A28936D17F0B01405 /* Budget.swift */; };
		6792AD7BCC982FB2D65F8D78 /* Decimal+Currency.swift in Sources */ = {isa = PBXBuildFile; fileRef = 75A8DBBF1BEFA4FD61AE069E /* Decimal+Currency.swift */; };
		697216DF3C268A03501DB38A /* ProfileEditView.swift in Sources */ = {isa = PBXBuildFile; fileRef = 0F36AAA68493118CF39A4D3E /* ProfileEditView.swift */; };
		6A655C4A8BF63EBCEBFA4F4E /* LoadingView.swift in Sources */ = {isa = PBXBuildFile; fileRef = D12FB541C4B900F46B202638 /* LoadingView.swift */; };
		6B4D788282A411C3A672E8E5 /* TransactionsTabView.swift in Sources */ = {isa = PBXBuildFile; fileRef = 456C6961EB5397AF543DECC9 /* TransactionsTabView.swift */; };
		6BAD60A00A05004801DC79EC /* SplashView.swift in Sources */ = {isa = PBXBuildFile; fileRef = B711EFFFED8B57AC012BD9E4 /* SplashView.swift */; };
		704060E31038BC9A1B94C955 /* SummaryCardsView.swift in Sources */ = {isa = PBXBuildFile; fileRef = 2EA562FB8B99A77709A8173D /* SummaryCardsView.swift */; };
		725FBEB673715D69A1E5ADD2 /* TransactionFormView.swift in Sources */ = {isa = PBXBuildFile; fileRef = 8AF8EE63CEF3E3AC9EA19D10 /* TransactionFormView.swift */; };
		783FFD042EEC7ACD4105F3F5 /* Localizable.xcstrings in Resources */ = {isa = PBXBuildFile; fileRef = 0330E703C019D7B3F86197E6 /* Localizable.xcstrings */; };
		786EA354D9085FBDC9AB1DCD /* Achievement.swift in Sources */ = {isa = PBXBuildFile; fileRef = ED77D67825DE06280BE5DFAA /* Achievement.swift */; };
		78FDC02F2F5EE1FA7BBB6E79 /* CurrencyText.swift in Sources */ = {isa = PBXBuildFile; fileRef = 65434B73BB450853FC3F444E /* CurrencyText.swift */; };
		7A2812A26246E5F116D4F497 /* SettingsView.swift in Sources */ = {isa = PBXBuildFile; fileRef = C7ABE6CED9D074DA7137C85F /* SettingsView.swift */; };
		7ABC2332BB3F18D92D077446 /* ExchangeRateService.swift in Sources */ = {isa = PBXBuildFile; fileRef = E943C32E125BB4505761CA30 /* ExchangeRateService.swift */; };
		7B7D530CE41D3234A154F4A8 /* FeatureFlagRepository.swift in Sources */ = {isa = PBXBuildFile; fileRef = BEAB2B4EE65C625F1796D0F3 /* FeatureFlagRepository.swift */; };
		7DF2299704B2A55F5A1FB703 /* PrivacyInfo.xcprivacy in Resources */ = {isa = PBXBuildFile; fileRef = B457F9BCEA9A3CB095312EF1 /* PrivacyInfo.xcprivacy */; };
		82E34AA362093FCF50CA58A8 /* QuickPromptsView.swift in Sources */ = {isa = PBXBuildFile; fileRef = BC8939D5CD844C01F259C918 /* QuickPromptsView.swift */; };
		841F2CADF5FE32648BCA76CA /* AiConversation.swift in Sources */ = {isa = PBXBuildFile; fileRef = 00A6F860A62BF06C599A8AFD /* AiConversation.swift */; };
		86AFDAB951F927B388EDEBFE /* TransactionsViewModel.swift in Sources */ = {isa = PBXBuildFile; fileRef = C38B51D9D8B9B10155A3CC0D /* TransactionsViewModel.swift */; };
		8BC173358EDB8C871DE610A9 /* Color+Hex.swift in Sources */ = {isa = PBXBuildFile; fileRef = EAD986ABD38E240D65D69D70 /* Color+Hex.swift */; };
		8D9481F1E9F2ACF89547236F /* OnboardingView.swift in Sources */ = {isa = PBXBuildFile; fileRef = C8B74322B7B46BDCF1CC28A4 /* OnboardingView.swift */; };
		A110A47979D241FF9501E804 /* Supabase in Frameworks */ = {isa = PBXBuildFile; productRef = 47C26544A304BA16DA1F5165 /* Supabase */; };
		A525AF8C213E918E5565684D /* BudgetCardView.swift in Sources */ = {isa = PBXBuildFile; fileRef = 14598720EA7BAE977C123766 /* BudgetCardView.swift */; };
		A7A02FD46221C19DBDFD8FFD /* TransferFormView.swift in Sources */ = {isa = PBXBuildFile; fileRef = A9385B9EDEECD0C2F651AC0F /* TransferFormView.swift */; };
		B2FFBCF327ADA2A19BFE10D2 /* CashflowChartView.swift in Sources */ = {isa = PBXBuildFile; fileRef = 29891E6399B2BA4131567067 /* CashflowChartView.swift */; };
		B67CF59FAE7022CF67FA1299 /* RecentTransactionsView.swift in Sources */ = {isa = PBXBuildFile; fileRef = ED736B31CDD5DEBF72053EC8 /* RecentTransactionsView.swift */; };
		B73A0C4EB55B3FD8657DA23C /* ExchangeRates.swift in Sources */ = {isa = PBXBuildFile; fileRef = A2F7B796D169618419BF335E /* ExchangeRates.swift */; };
		B7A83C6B8DADD643D4AA99DE /* MessageBubbleView.swift in Sources */ = {isa = PBXBuildFile; fileRef = B4DE0EF0D2695DE0D29B4E09 /* MessageBubbleView.swift */; };
		B82B04E318D96348669ADF46 /* Category.swift in Sources */ = {isa = PBXBuildFile; fileRef = DE9EDD22340CC8DDBE7B828B /* Category.swift */; };
		BD1FD7484D2252E5ADE3E523 /* SubscriptionTrackerRepository.swift in Sources */ = {isa = PBXBuildFile; fileRef = 4FC94829DD328AD6CE6EDEEC /* SubscriptionTrackerRepository.swift */; };
		BE8CE895B41654C58B5E97F0 /* SavingsGoalCardView.swift in Sources */ = {isa = PBXBuildFile; fileRef = 59E5F93F8BC1E265B6438CCB /* SavingsGoalCardView.swift */; };
		C00001869001CAAFF57ED39E /* AiRepository.swift in Sources */ = {isa = PBXBuildFile; fileRef = DC0F925C8D01829EEFAB0374 /* AiRepository.swift */; };
		C15DC79402F5E6601E8DC782 /* SavingsGoalListView.swift in Sources */ = {isa = PBXBuildFile; fileRef = 1978B204BDE569349E83D21D /* SavingsGoalListView.swift */; };
		C2C0D64A725EBA3C08CBACB4 /* PremiumPaywallView.swift in Sources */ = {isa = PBXBuildFile; fileRef = 2A7755B9D1937707AF8E6E1F /* PremiumPaywallView.swift */; };
		C52AC774F4405C0A1A0752A1 /* AkifiApp.swift in Sources */ = {isa = PBXBuildFile; fileRef = 99C8C6D5B181A4209C6DC431 /* AkifiApp.swift */; };
		C882899C457897D6F70CFA41 /* SubscriptionsViewModel.swift in Sources */ = {isa = PBXBuildFile; fileRef = CA724320D711DD058E2B4D82 /* SubscriptionsViewModel.swift */; };
		CAA9B0E2E6D674DBF6C9F6E6 /* ContributionSheetView.swift in Sources */ = {isa = PBXBuildFile; fileRef = C3210E3480C3FF0F60787AD6 /* ContributionSheetView.swift */; };
		CE13051C181A1D26E2789254 /* AccountFormView.swift in Sources */ = {isa = PBXBuildFile; fileRef = 676F23AAA29C1D39C746C9AE /* AccountFormView.swift */; };
		D4863D10B5AD673C49200709 /* HomeTabView.swift in Sources */ = {isa = PBXBuildFile; fileRef = 616C0D248E5CD52D019DE875 /* HomeTabView.swift */; };
		D5FCE19ECC78E1F95992B617 /* HomeViewModel.swift in Sources */ = {isa = PBXBuildFile; fileRef = 6B5FE1332FF774DC471D4F3C /* HomeViewModel.swift */; };
		DA53B5C980FEDA93F9B41DBD /* AppHeaderView.swift in Sources */ = {isa = PBXBuildFile; fileRef = B2CFCD3F1FA7B45031654CE8 /* AppHeaderView.swift */; };
		DAFE5356CFE1D4D53DC5B57B /* String+Nonce.swift in Sources */ = {isa = PBXBuildFile; fileRef = 4B774387BFAAED31DC310A3A /* String+Nonce.swift */; };
		DC9D5F73ECBB4B2767F4D1FB /* AuthManager.swift in Sources */ = {isa = PBXBuildFile; fileRef = BD71B178C79E5256314A6EC4 /* AuthManager.swift */; };
		DEB660D12F319BD2F5824827 /* StreakBadgeView.swift in Sources */ = {isa = PBXBuildFile; fileRef = 4A9A1EF45AABE938BDD4EE4D /* StreakBadgeView.swift */; };
		E1A7BB737C6BDB410DA975D5 /* Account.swift in Sources */ = {isa = PBXBuildFile; fileRef = E2075D79E0839CC0130C2C3D /* Account.swift */; };
		E1E25ABAC2A149E04C8B73E1 /* TransactionRowView.swift in Sources */ = {isa = PBXBuildFile; fileRef = 911532E4FE4098727AD61757 /* TransactionRowView.swift */; };
		E2C1E5CDFF2E178FCBF3A27F /* AnalyticsViewModel.swift in Sources */ = {isa = PBXBuildFile; fileRef = 77EA516F5B3BC70E9D23EADA /* AnalyticsViewModel.swift */; };
		E45A0B3830B992820C3B6BAF /* AnalyticsTabView.swift in Sources */ = {isa = PBXBuildFile; fileRef = C7DFF0BEC556EF5A7CE6DD4C /* AnalyticsTabView.swift */; };
		E6E02C1A73EFE9D9C0BD0849 /* LevelUpView.swift in Sources */ = {isa = PBXBuildFile; fileRef = C9AF2D37ED5C32336B1C3554 /* LevelUpView.swift */; };
		E8F3EE26B63DC6074D347C6F /* UserSubscription.swift in Sources */ = {isa = PBXBuildFile; fileRef = 79EB1D3B16CBD84AD0DCA51E /* UserSubscription.swift */; };
		EABF9430D7D93E4004AD3770 /* Profile.swift in Sources */ = {isa = PBXBuildFile; fileRef = F548FDEE64F06C210D42CBDA /* Profile.swift */; };
		EBA923FDEBF7B8719FB6B953 /* AccountRepository.swift in Sources */ = {isa = PBXBuildFile; fileRef = 63C07ED176280108B620D58C /* AccountRepository.swift */; };
		ECCE3593C65DF683F1EF0EB1 /* NotificationSettings.swift in Sources */ = {isa = PBXBuildFile; fileRef = 73DBCC780D7A28DE9DC71A9B /* NotificationSettings.swift */; };
		F205229791689C8A9BF4D11E /* ReceiptScan.swift in Sources */ = {isa = PBXBuildFile; fileRef = AEE752DC97115463EBA144B9 /* ReceiptScan.swift */; };
		F2364BB2C52E3795B368BF5F /* AchievementBadgeView.swift in Sources */ = {isa = PBXBuildFile; fileRef = 547055718E8E86D54B15C7CF /* AchievementBadgeView.swift */; };
		F30DFA820371641AC8598214 /* CategoryBreakdownView.swift in Sources */ = {isa = PBXBuildFile; fileRef = 2E9E5E68ED37B8FA25EAD056 /* CategoryBreakdownView.swift */; };
		F3EE92925C2C2B75582A44D2 /* ProfileRepository.swift in Sources */ = {isa = PBXBuildFile; fileRef = 74072AF0E8A86E572AFC0BC2 /* ProfileRepository.swift */; };
		F3F7C64643ADEA64509928E6 /* AssistantView.swift in Sources */ = {isa = PBXBuildFile; fileRef = 596E30134A0FA5750FF736B6 /* AssistantView.swift */; };
		F5ADA701D2725ABCBB1E2822 /* BudgetFormView.swift in Sources */ = {isa = PBXBuildFile; fileRef = AE0890C3925BD64853C4FD23 /* BudgetFormView.swift */; };
		F6567B735E2A994D70D5B6AD /* SearchView.swift in Sources */ = {isa = PBXBuildFile; fileRef = 0A0F906E34FC03563FD301D4 /* SearchView.swift */; };
		F77D6D6BF509E3A9427B15B0 /* KeychainService.swift in Sources */ = {isa = PBXBuildFile; fileRef = 94C0B4D04279CD2CA93F57C7 /* KeychainService.swift */; };
		FA93F4D68142094DA039E128 /* AppViewModel.swift in Sources */ = {isa = PBXBuildFile; fileRef = 31AA3877A2A8E8EE321BC019 /* AppViewModel.swift */; };
		FB2231D5EACFC1E2F0FECDC0 /* CurrencyManager.swift in Sources */ = {isa = PBXBuildFile; fileRef = FF3E55B191A804B4B5B97167 /* CurrencyManager.swift */; };
		CACHE_IMG_002_BUILD_REF_001 /* CachedAsyncImage.swift in Sources */ = {isa = PBXBuildFile; fileRef = CACHE_IMG_001_FILE_REF_0001 /* CachedAsyncImage.swift */; };
		BUDMATH02_BUILD_REF_0001 /* BudgetMath.swift in Sources */ = {isa = PBXBuildFile; fileRef = BUDMATH01_FILE_REF_00001 /* BudgetMath.swift */; };
/* End PBXBuildFile section */

/* Begin PBXFileReference section */
		6E7503421A191CDFC28CB3DC /* ExportView.swift */ = {isa = PBXFileReference; lastKnownFileType = sourcecode.swift; path = ExportView.swift; sourceTree = "<group>"; };
		10CE11E34BF97B493283C827 /* HapticManager.swift */ = {isa = PBXFileReference; lastKnownFileType = sourcecode.swift; path = HapticManager.swift; sourceTree = "<group>"; };
		1C8E6FD68F0CF142049B5DA3 /* CSVExporter.swift */ = {isa = PBXFileReference; lastKnownFileType = sourcecode.swift; path = CSVExporter.swift; sourceTree = "<group>"; };
		DBEE948B5CCE9BAB006C94DB /* ThemeManager.swift */ = {isa = PBXFileReference; lastKnownFileType = sourcecode.swift; path = ThemeManager.swift; sourceTree = "<group>"; };
		58F6BAD20B19FC11779A5CCE /* CashflowTrendView.swift */ = {isa = PBXFileReference; lastKnownFileType = sourcecode.swift; path = CashflowTrendView.swift; sourceTree = "<group>"; };
		B3BFC92304F641CB8C2A8510 /* MonthlySummaryView.swift */ = {isa = PBXFileReference; lastKnownFileType = sourcecode.swift; path = MonthlySummaryView.swift; sourceTree = "<group>"; };
		FCF7E2EDFC6B071CFCEC0A18 /* DailyLimitWidgetView.swift */ = {isa = PBXFileReference; lastKnownFileType = sourcecode.swift; path = DailyLimitWidgetView.swift; sourceTree = "<group>"; };
		C0177F2202C1E0ED252FB091 /* WidgetFilterView.swift */ = {isa = PBXFileReference; lastKnownFileType = sourcecode.swift; path = WidgetFilterView.swift; sourceTree = "<group>"; };
		E9995D671A28C30260FC7BB1 /* CalculatorKeyboardView.swift */ = {isa = PBXFileReference; lastKnownFileType = sourcecode.swift; path = CalculatorKeyboardView.swift; sourceTree = "<group>"; };
		0ED40284127D03030846ADF7 /* CalculatorState.swift */ = {isa = PBXFileReference; lastKnownFileType = sourcecode.swift; path = CalculatorState.swift; sourceTree = "<group>"; };
		3C45C7083D46285E90307AF2 /* AISettingsView.swift */ = {isa = PBXFileReference; lastKnownFileType = sourcecode.swift; path = AISettingsView.swift; sourceTree = "<group>"; };
		F5C90ADB36677C52FF8CF229 /* EvidenceCardView.swift */ = {isa = PBXFileReference; lastKnownFileType = sourcecode.swift; path = EvidenceCardView.swift; sourceTree = "<group>"; };
		DE2B41CAE1AE45DE34E444CF /* ActionPreviewSheet.swift */ = {isa = PBXFileReference; lastKnownFileType = sourcecode.swift; path = ActionPreviewSheet.swift; sourceTree = "<group>"; };
		D59839D2402537940E6A5C7F /* AssistantModels.swift */ = {isa = PBXFileReference; lastKnownFileType = sourcecode.swift; path = AssistantModels.swift; sourceTree = "<group>"; };
		00A6F860A62BF06C599A8AFD /* AiConversation.swift */ = {isa = PBXFileReference; lastKnownFileType = sourcecode.swift; path = AiConversation.swift; sourceTree = "<group>"; };
		01B140AC1B112CBFC6D9195C /* AchievementsViewModel.swift */ = {isa = PBXFileReference; lastKnownFileType = sourcecode.swift; path = AchievementsViewModel.swift; sourceTree = "<group>"; };
		0330E703C019D7B3F86197E6 /* Localizable.xcstrings */ = {isa = PBXFileReference; lastKnownFileType = text.json.xcstrings; path = Localizable.xcstrings; sourceTree = "<group>"; };
		0A0F906E34FC03563FD301D4 /* SearchView.swift */ = {isa = PBXFileReference; lastKnownFileType = sourcecode.swift; path = SearchView.swift; sourceTree = "<group>"; };
		0F11B98D8C0F1A39F4C40ADD /* Release.xcconfig */ = {isa = PBXFileReference; lastKnownFileType = text.xcconfig; path = Release.xcconfig; sourceTree = "<group>"; };
		0F36AAA68493118CF39A4D3E /* ProfileEditView.swift */ = {isa = PBXFileReference; lastKnownFileType = sourcecode.swift; path = ProfileEditView.swift; sourceTree = "<group>"; };
		14598720EA7BAE977C123766 /* BudgetCardView.swift */ = {isa = PBXFileReference; lastKnownFileType = sourcecode.swift; path = BudgetCardView.swift; sourceTree = "<group>"; };
		149E11AA96194A21601EE73F /* HomeSavingsSnapshotView.swift */ = {isa = PBXFileReference; lastKnownFileType = sourcecode.swift; path = HomeSavingsSnapshotView.swift; sourceTree = "<group>"; };
		19329F8617609B485DA08998 /* PortfolioChartView.swift */ = {isa = PBXFileReference; lastKnownFileType = sourcecode.swift; path = PortfolioChartView.swift; sourceTree = "<group>"; };
		1978B204BDE569349E83D21D /* SavingsGoalListView.swift */ = {isa = PBXFileReference; lastKnownFileType = sourcecode.swift; path = SavingsGoalListView.swift; sourceTree = "<group>"; };
		19C93145D460195AF47EF461 /* AssistantViewModel.swift */ = {isa = PBXFileReference; lastKnownFileType = sourcecode.swift; path = AssistantViewModel.swift; sourceTree = "<group>"; };
		1B9D566A28936D17F0B01405 /* Budget.swift */ = {isa = PBXFileReference; lastKnownFileType = sourcecode.swift; path = Budget.swift; sourceTree = "<group>"; };
		23B12AC84543A571832A93DC /* CategoryRepository.swift */ = {isa = PBXFileReference; lastKnownFileType = sourcecode.swift; path = CategoryRepository.swift; sourceTree = "<group>"; };
		23F9D90EF1B888C2E1CB0D90 /* Subscription.swift */ = {isa = PBXFileReference; lastKnownFileType = sourcecode.swift; path = Subscription.swift; sourceTree = "<group>"; };
		29891E6399B2BA4131567067 /* CashflowChartView.swift */ = {isa = PBXFileReference; lastKnownFileType = sourcecode.swift; path = CashflowChartView.swift; sourceTree = "<group>"; };
		2A7755B9D1937707AF8E6E1F /* PremiumPaywallView.swift */ = {isa = PBXFileReference; lastKnownFileType = sourcecode.swift; path = PremiumPaywallView.swift; sourceTree = "<group>"; };
		2E9E5E68ED37B8FA25EAD056 /* CategoryBreakdownView.swift */ = {isa = PBXFileReference; lastKnownFileType = sourcecode.swift; path = CategoryBreakdownView.swift; sourceTree = "<group>"; };
		2EA562FB8B99A77709A8173D /* SummaryCardsView.swift */ = {isa = PBXFileReference; lastKnownFileType = sourcecode.swift; path = SummaryCardsView.swift; sourceTree = "<group>"; };
		31AA3877A2A8E8EE321BC019 /* AppViewModel.swift */ = {isa = PBXFileReference; lastKnownFileType = sourcecode.swift; path = AppViewModel.swift; sourceTree = "<group>"; };
		37071238FCD103134034E7EB /* Info.plist */ = {isa = PBXFileReference; lastKnownFileType = text.plist; path = Info.plist; sourceTree = "<group>"; };
		3CA3260CF402FA056EF80EC8 /* Debug.xcconfig */ = {isa = PBXFileReference; lastKnownFileType = text.xcconfig; path = Debug.xcconfig; sourceTree = "<group>"; };
		4068BD5C2B34539ACEE31559 /* Transaction.swift */ = {isa = PBXFileReference; lastKnownFileType = sourcecode.swift; path = Transaction.swift; sourceTree = "<group>"; };
		456C6961EB5397AF543DECC9 /* TransactionsTabView.swift */ = {isa = PBXFileReference; lastKnownFileType = sourcecode.swift; path = TransactionsTabView.swift; sourceTree = "<group>"; };
		46150F6E1E8857A9291AA5C9 /* AchievementRepository.swift */ = {isa = PBXFileReference; lastKnownFileType = sourcecode.swift; path = AchievementRepository.swift; sourceTree = "<group>"; };
		474BCE7E89D91936D05860D2 /* AkifiIOS.entitlements */ = {isa = PBXFileReference; lastKnownFileType = text.plist.entitlements; path = AkifiIOS.entitlements; sourceTree = "<group>"; };
		4A9A1EF45AABE938BDD4EE4D /* StreakBadgeView.swift */ = {isa = PBXFileReference; lastKnownFileType = sourcecode.swift; path = StreakBadgeView.swift; sourceTree = "<group>"; };
		4B774387BFAAED31DC310A3A /* String+Nonce.swift */ = {isa = PBXFileReference; lastKnownFileType = sourcecode.swift; path = "String+Nonce.swift"; sourceTree = "<group>"; };
		4C211FAE78CA989CB0EFAA97 /* CategoryPickerView.swift */ = {isa = PBXFileReference; lastKnownFileType = sourcecode.swift; path = CategoryPickerView.swift; sourceTree = "<group>"; };
		4FC94829DD328AD6CE6EDEEC /* SubscriptionTrackerRepository.swift */ = {isa = PBXFileReference; lastKnownFileType = sourcecode.swift; path = SubscriptionTrackerRepository.swift; sourceTree = "<group>"; };
		50EA40FA65D58EED86060438 /* DataStore.swift */ = {isa = PBXFileReference; lastKnownFileType = sourcecode.swift; path = DataStore.swift; sourceTree = "<group>"; };
		53FDEFCC827F6CD5FCB66A64 /* SavingsGoalFormView.swift */ = {isa = PBXFileReference; lastKnownFileType = sourcecode.swift; path = SavingsGoalFormView.swift; sourceTree = "<group>"; };
		547055718E8E86D54B15C7CF /* AchievementBadgeView.swift */ = {isa = PBXFileReference; lastKnownFileType = sourcecode.swift; path = AchievementBadgeView.swift; sourceTree = "<group>"; };
		596E30134A0FA5750FF736B6 /* AssistantView.swift */ = {isa = PBXFileReference; lastKnownFileType = sourcecode.swift; path = AssistantView.swift; sourceTree = "<group>"; };
		59E5F93F8BC1E265B6438CCB /* SavingsGoalCardView.swift */ = {isa = PBXFileReference; lastKnownFileType = sourcecode.swift; path = SavingsGoalCardView.swift; sourceTree = "<group>"; };
		60E9E3612446CC1E7CCC72C7 /* FilterHeaderView.swift */ = {isa = PBXFileReference; lastKnownFileType = sourcecode.swift; path = FilterHeaderView.swift; sourceTree = "<group>"; };
		616C0D248E5CD52D019DE875 /* HomeTabView.swift */ = {isa = PBXFileReference; lastKnownFileType = sourcecode.swift; path = HomeTabView.swift; sourceTree = "<group>"; };
		6280C5856C5C60280581779C /* AppConstants.swift */ = {isa = PBXFileReference; lastKnownFileType = sourcecode.swift; path = AppConstants.swift; sourceTree = "<group>"; };
		63C07ED176280108B620D58C /* AccountRepository.swift */ = {isa = PBXFileReference; lastKnownFileType = sourcecode.swift; path = AccountRepository.swift; sourceTree = "<group>"; };
		65434B73BB450853FC3F444E /* CurrencyText.swift */ = {isa = PBXFileReference; lastKnownFileType = sourcecode.swift; path = CurrencyText.swift; sourceTree = "<group>"; };
		676EE98C810DA6B91945C676 /* SavingsGoal.swift */ = {isa = PBXFileReference; lastKnownFileType = sourcecode.swift; path = SavingsGoal.swift; sourceTree = "<group>"; };
		676F23AAA29C1D39C746C9AE /* AccountFormView.swift */ = {isa = PBXFileReference; lastKnownFileType = sourcecode.swift; path = AccountFormView.swift; sourceTree = "<group>"; };
		6A2C2B31DBF9895FB58D8A37 /* SavingsGoalDetailView.swift */ = {isa = PBXFileReference; lastKnownFileType = sourcecode.swift; path = SavingsGoalDetailView.swift; sourceTree = "<group>"; };
		6B5FE1332FF774DC471D4F3C /* HomeViewModel.swift */ = {isa = PBXFileReference; lastKnownFileType = sourcecode.swift; path = HomeViewModel.swift; sourceTree = "<group>"; };
		6D058D6C4B704A2FC9F6F868 /* InsightCardsView.swift */ = {isa = PBXFileReference; lastKnownFileType = sourcecode.swift; path = InsightCardsView.swift; sourceTree = "<group>"; };
		7263138B76430D9B90ABCE14 /* ContentView.swift */ = {isa = PBXFileReference; lastKnownFileType = sourcecode.swift; path = ContentView.swift; sourceTree = "<group>"; };
		73DBCC780D7A28DE9DC71A9B /* NotificationSettings.swift */ = {isa = PBXFileReference; lastKnownFileType = sourcecode.swift; path = NotificationSettings.swift; sourceTree = "<group>"; };
		74072AF0E8A86E572AFC0BC2 /* ProfileRepository.swift */ = {isa = PBXFileReference; lastKnownFileType = sourcecode.swift; path = ProfileRepository.swift; sourceTree = "<group>"; };
		758C1D80AF7211A0229E2AF1 /* FABView.swift */ = {isa = PBXFileReference; lastKnownFileType = sourcecode.swift; path = FABView.swift; sourceTree = "<group>"; };
		75A8DBBF1BEFA4FD61AE069E /* Decimal+Currency.swift */ = {isa = PBXFileReference; lastKnownFileType = sourcecode.swift; path = "Decimal+Currency.swift"; sourceTree = "<group>"; };
		77EA516F5B3BC70E9D23EADA /* AnalyticsViewModel.swift */ = {isa = PBXFileReference; lastKnownFileType = sourcecode.swift; path = AnalyticsViewModel.swift; sourceTree = "<group>"; };
		79D3F86C311C26A7151BAE83 /* CategoriesManagementView.swift */ = {isa = PBXFileReference; lastKnownFileType = sourcecode.swift; path = CategoriesManagementView.swift; sourceTree = "<group>"; };
		79EB1D3B16CBD84AD0DCA51E /* UserSubscription.swift */ = {isa = PBXFileReference; lastKnownFileType = sourcecode.swift; path = UserSubscription.swift; sourceTree = "<group>"; };
		7A9AF5FAAF765DBFB8A2D2FD /* AkifiIOS.app */ = {isa = PBXFileReference; explicitFileType = wrapper.application; includeInIndex = 0; path = AkifiIOS.app; sourceTree = BUILT_PRODUCTS_DIR; };
		8121C05311966E50C6E7FAB2 /* TransactionRepository.swift */ = {isa = PBXFileReference; lastKnownFileType = sourcecode.swift; path = TransactionRepository.swift; sourceTree = "<group>"; };
		8123FDB865E539181DB1A69E /* LoginView.swift */ = {isa = PBXFileReference; lastKnownFileType = sourcecode.swift; path = LoginView.swift; sourceTree = "<group>"; };
		84050C2ADCAA39D342B4D8C0 /* Date+Formatting.swift */ = {isa = PBXFileReference; lastKnownFileType = sourcecode.swift; path = "Date+Formatting.swift"; sourceTree = "<group>"; };
		8473385CFEE3FE00448561C8 /* PaymentManager.swift */ = {isa = PBXFileReference; lastKnownFileType = sourcecode.swift; path = PaymentManager.swift; sourceTree = "<group>"; };
		8678B93E432A8A952260CA8C /* BudgetsViewModel.swift */ = {isa = PBXFileReference; lastKnownFileType = sourcecode.swift; path = BudgetsViewModel.swift; sourceTree = "<group>"; };
		8AF8EE63CEF3E3AC9EA19D10 /* TransactionFormView.swift */ = {isa = PBXFileReference; lastKnownFileType = sourcecode.swift; path = TransactionFormView.swift; sourceTree = "<group>"; };
		8F136560E724B698AAFBBF9A /* SavingsViewModel.swift */ = {isa = PBXFileReference; lastKnownFileType = sourcecode.swift; path = SavingsViewModel.swift; sourceTree = "<group>"; };
		911532E4FE4098727AD61757 /* TransactionRowView.swift */ = {isa = PBXFileReference; lastKnownFileType = sourcecode.swift; path = TransactionRowView.swift; sourceTree = "<group>"; };
		94C0B4D04279CD2CA93F57C7 /* KeychainService.swift */ = {isa = PBXFileReference; lastKnownFileType = sourcecode.swift; path = KeychainService.swift; sourceTree = "<group>"; };
		99C8C6D5B181A4209C6DC431 /* AkifiApp.swift */ = {isa = PBXFileReference; lastKnownFileType = sourcecode.swift; path = AkifiApp.swift; sourceTree = "<group>"; };
		9DE8D1CB7AD218C241D29AAD /* ShareAccountView.swift */ = {isa = PBXFileReference; lastKnownFileType = sourcecode.swift; path = ShareAccountView.swift; sourceTree = "<group>"; };
		A2F7B796D169618419BF335E /* ExchangeRates.swift */ = {isa = PBXFileReference; lastKnownFileType = sourcecode.swift; path = ExchangeRates.swift; sourceTree = "<group>"; };
		A9385B9EDEECD0C2F651AC0F /* TransferFormView.swift */ = {isa = PBXFileReference; lastKnownFileType = sourcecode.swift; path = TransferFormView.swift; sourceTree = "<group>"; };
		AE0890C3925BD64853C4FD23 /* BudgetFormView.swift */ = {isa = PBXFileReference; lastKnownFileType = sourcecode.swift; path = BudgetFormView.swift; sourceTree = "<group>"; };
		AEE752DC97115463EBA144B9 /* ReceiptScan.swift */ = {isa = PBXFileReference; lastKnownFileType = sourcecode.swift; path = ReceiptScan.swift; sourceTree = "<group>"; };
		AF0E061C6C28A734527E14ED /* SavingsGoalRepository.swift */ = {isa = PBXFileReference; lastKnownFileType = sourcecode.swift; path = SavingsGoalRepository.swift; sourceTree = "<group>"; };
		B2CFCD3F1FA7B45031654CE8 /* AppHeaderView.swift */ = {isa = PBXFileReference; lastKnownFileType = sourcecode.swift; path = AppHeaderView.swift; sourceTree = "<group>"; };
		B3BFF1D29A1C0333F6FE9665 /* AccountCarouselView.swift */ = {isa = PBXFileReference; lastKnownFileType = sourcecode.swift; path = AccountCarouselView.swift; sourceTree = "<group>"; };
		B457F9BCEA9A3CB095312EF1 /* PrivacyInfo.xcprivacy */ = {isa = PBXFileReference; lastKnownFileType = text.xml; path = PrivacyInfo.xcprivacy; sourceTree = "<group>"; };
		B4DE0EF0D2695DE0D29B4E09 /* MessageBubbleView.swift */ = {isa = PBXFileReference; lastKnownFileType = sourcecode.swift; path = MessageBubbleView.swift; sourceTree = "<group>"; };
		B711EFFFED8B57AC012BD9E4 /* SplashView.swift */ = {isa = PBXFileReference; lastKnownFileType = sourcecode.swift; path = SplashView.swift; sourceTree = "<group>"; };
		B8ADA415BE7DDBDBAEAFAD34 /* SupabaseManager.swift */ = {isa = PBXFileReference; lastKnownFileType = sourcecode.swift; path = SupabaseManager.swift; sourceTree = "<group>"; };
		BA3D17B9D8791B07B1727952 /* PreviewData.swift */ = {isa = PBXFileReference; lastKnownFileType = sourcecode.swift; path = PreviewData.swift; sourceTree = "<group>"; };
		BC8939D5CD844C01F259C918 /* QuickPromptsView.swift */ = {isa = PBXFileReference; lastKnownFileType = sourcecode.swift; path = QuickPromptsView.swift; sourceTree = "<group>"; };
		BD71B178C79E5256314A6EC4 /* AuthManager.swift */ = {isa = PBXFileReference; lastKnownFileType = sourcecode.swift; path = AuthManager.swift; sourceTree = "<group>"; };
		BEAB2B4EE65C625F1796D0F3 /* FeatureFlagRepository.swift */ = {isa = PBXFileReference; lastKnownFileType = sourcecode.swift; path = FeatureFlagRepository.swift; sourceTree = "<group>"; };
		C3210E3480C3FF0F60787AD6 /* ContributionSheetView.swift */ = {isa = PBXFileReference; lastKnownFileType = sourcecode.swift; path = ContributionSheetView.swift; sourceTree = "<group>"; };
		C38B51D9D8B9B10155A3CC0D /* TransactionsViewModel.swift */ = {isa = PBXFileReference; lastKnownFileType = sourcecode.swift; path = TransactionsViewModel.swift; sourceTree = "<group>"; };
		C5FB0ED5DFB48929E8AD65FA /* Color+Theme.swift */ = {isa = PBXFileReference; lastKnownFileType = sourcecode.swift; path = "Color+Theme.swift"; sourceTree = "<group>"; };
		C7ABE6CED9D074DA7137C85F /* SettingsView.swift */ = {isa = PBXFileReference; lastKnownFileType = sourcecode.swift; path = SettingsView.swift; sourceTree = "<group>"; };
		C7DFF0BEC556EF5A7CE6DD4C /* AnalyticsTabView.swift */ = {isa = PBXFileReference; lastKnownFileType = sourcecode.swift; path = AnalyticsTabView.swift; sourceTree = "<group>"; };
		C83CE862E61CD29CA1E8F980 /* SubscriptionListView.swift */ = {isa = PBXFileReference; lastKnownFileType = sourcecode.swift; path = SubscriptionListView.swift; sourceTree = "<group>"; };
		C8B74322B7B46BDCF1CC28A4 /* OnboardingView.swift */ = {isa = PBXFileReference; lastKnownFileType = sourcecode.swift; path = OnboardingView.swift; sourceTree = "<group>"; };
		C9AF2D37ED5C32336B1C3554 /* LevelUpView.swift */ = {isa = PBXFileReference; lastKnownFileType = sourcecode.swift; path = LevelUpView.swift; sourceTree = "<group>"; };
		CA724320D711DD058E2B4D82 /* SubscriptionsViewModel.swift */ = {isa = PBXFileReference; lastKnownFileType = sourcecode.swift; path = SubscriptionsViewModel.swift; sourceTree = "<group>"; };
		D12FB541C4B900F46B202638 /* LoadingView.swift */ = {isa = PBXFileReference; lastKnownFileType = sourcecode.swift; path = LoadingView.swift; sourceTree = "<group>"; };
		D178657F88574DCC92D234A4 /* NotificationManager.swift */ = {isa = PBXFileReference; lastKnownFileType = sourcecode.swift; path = NotificationManager.swift; sourceTree = "<group>"; };
		DC0F925C8D01829EEFAB0374 /* AiRepository.swift */ = {isa = PBXFileReference; lastKnownFileType = sourcecode.swift; path = AiRepository.swift; sourceTree = "<group>"; };
		DC9CEC09B09C3CEE4AA15174 /* BudgetRepository.swift */ = {isa = PBXFileReference; lastKnownFileType = sourcecode.swift; path = BudgetRepository.swift; sourceTree = "<group>"; };
		DE9EDD22340CC8DDBE7B828B /* Category.swift */ = {isa = PBXFileReference; lastKnownFileType = sourcecode.swift; path = Category.swift; sourceTree = "<group>"; };
		E0A3922D42CB0CAE5BF84F31 /* AchievementsView.swift */ = {isa = PBXFileReference; lastKnownFileType = sourcecode.swift; path = AchievementsView.swift; sourceTree = "<group>"; };
		E2075D79E0839CC0130C2C3D /* Account.swift */ = {isa = PBXFileReference; lastKnownFileType = sourcecode.swift; path = Account.swift; sourceTree = "<group>"; };
		E66DD3DED8AB88DA009D848E /* BudgetsTabView.swift */ = {isa = PBXFileReference; lastKnownFileType = sourcecode.swift; path = BudgetsTabView.swift; sourceTree = "<group>"; };
		E943C32E125BB4505761CA30 /* ExchangeRateService.swift */ = {isa = PBXFileReference; lastKnownFileType = sourcecode.swift; path = ExchangeRateService.swift; sourceTree = "<group>"; };
		EAD986ABD38E240D65D69D70 /* Color+Hex.swift */ = {isa = PBXFileReference; lastKnownFileType = sourcecode.swift; path = "Color+Hex.swift"; sourceTree = "<group>"; };
		ED736B31CDD5DEBF72053EC8 /* RecentTransactionsView.swift */ = {isa = PBXFileReference; lastKnownFileType = sourcecode.swift; path = RecentTransactionsView.swift; sourceTree = "<group>"; };
		ED77D67825DE06280BE5DFAA /* Achievement.swift */ = {isa = PBXFileReference; lastKnownFileType = sourcecode.swift; path = Achievement.swift; sourceTree = "<group>"; };
		EEFD67D22658062E0AF548E0 /* EmptyStateView.swift */ = {isa = PBXFileReference; lastKnownFileType = sourcecode.swift; path = EmptyStateView.swift; sourceTree = "<group>"; };
		EF5E0807225F173AC0E211EB /* NotificationSettingsView.swift */ = {isa = PBXFileReference; lastKnownFileType = sourcecode.swift; path = NotificationSettingsView.swift; sourceTree = "<group>"; };
		F3E319DCDCF80CFB17EC0B0A /* MigrationCodeView.swift */ = {isa = PBXFileReference; lastKnownFileType = sourcecode.swift; path = MigrationCodeView.swift; sourceTree = "<group>"; };
		F548FDEE64F06C210D42CBDA /* Profile.swift */ = {isa = PBXFileReference; lastKnownFileType = sourcecode.swift; path = Profile.swift; sourceTree = "<group>"; };
		FF3E55B191A804B4B5B97167 /* CurrencyManager.swift */ = {isa = PBXFileReference; lastKnownFileType = sourcecode.swift; path = CurrencyManager.swift; sourceTree = "<group>"; };
		CACHE_IMG_001_FILE_REF_0001 /* CachedAsyncImage.swift */ = {isa = PBXFileReference; lastKnownFileType = sourcecode.swift; path = "CachedAsyncImage.swift"; sourceTree = "<group>"; };
		BUDMATH01_FILE_REF_00001 /* BudgetMath.swift */ = {isa = PBXFileReference; lastKnownFileType = sourcecode.swift; path = "BudgetMath.swift"; sourceTree = "<group>"; };
/* End PBXFileReference section */

/* Begin PBXFrameworksBuildPhase section */
		A9681A0A88CBA26167B1652C /* Frameworks */ = {
			isa = PBXFrameworksBuildPhase;
			buildActionMask = 2147483647;
			files = (
				A110A47979D241FF9501E804 /* Supabase in Frameworks */,
			);
			runOnlyForDeploymentPostprocessing = 0;
		};
/* End PBXFrameworksBuildPhase section */

/* Begin PBXGroup section */
		060D88B1EE3EA538CAC04A16 /* Products */ = {
			isa = PBXGroup;
			children = (
				7A9AF5FAAF765DBFB8A2D2FD /* AkifiIOS.app */,
			);
			name = Products;
			sourceTree = "<group>";
		};
		0BEEC0AC0059325130159D97 = {
			isa = PBXGroup;
			children = (
				313DC3EDEA3A86A7118467B5 /* AkifiIOS */,
				C705782F9BA5DC3A07E5D3CC /* Config */,
				060D88B1EE3EA538CAC04A16 /* Products */,
			);
			sourceTree = "<group>";
		};
		240A3EF4B7D2C3B7D5F1A041 /* Analytics */ = {
			isa = PBXGroup;
			children = (
				C7DFF0BEC556EF5A7CE6DD4C /* AnalyticsTabView.swift */,
				58F6BAD20B19FC11779A5CCE /* CashflowTrendView.swift */,
				B3BFC92304F641CB8C2A8510 /* MonthlySummaryView.swift */,
				FCF7E2EDFC6B071CFCEC0A18 /* DailyLimitWidgetView.swift */,
				C0177F2202C1E0ED252FB091 /* WidgetFilterView.swift */,
				29891E6399B2BA4131567067 /* CashflowChartView.swift */,
				2E9E5E68ED37B8FA25EAD056 /* CategoryBreakdownView.swift */,
				19329F8617609B485DA08998 /* PortfolioChartView.swift */,
			);
			path = Analytics;
			sourceTree = "<group>";
		};
		313DC3EDEA3A86A7118467B5 /* AkifiIOS */ = {
			isa = PBXGroup;
			children = (
				99C8C6D5B181A4209C6DC431 /* AkifiApp.swift */,
				474BCE7E89D91936D05860D2 /* AkifiIOS.entitlements */,
				6280C5856C5C60280581779C /* AppConstants.swift */,
				37071238FCD103134034E7EB /* Info.plist */,
				B457F9BCEA9A3CB095312EF1 /* PrivacyInfo.xcprivacy */,
				FF819C9EB42F0BCF7407996E /* Extensions */,
				CF02FCAE8C199D3717DBB7DB /* Localization */,
				BDA9CB0517B0EF1B92E67DD3 /* Models */,
				E81102AD12F335CA2D54337D /* Preview Content */,
				D45B8944CB8FFC37CB769DFD /* Repositories */,
				DB2554E46BD1ED54965B714C /* Services */,
				78B856A8965CBB5BF143264B /* ViewModels */,
				61C73AB8B4463DBB1BE8B223 /* Views */,
			);
			path = AkifiIOS;
			sourceTree = "<group>";
		};
		358A9B1EA1DEB1DFEEE98B17 /* Root */ = {
			isa = PBXGroup;
			children = (
				7263138B76430D9B90ABCE14 /* ContentView.swift */,
				C8B74322B7B46BDCF1CC28A4 /* OnboardingView.swift */,
				B711EFFFED8B57AC012BD9E4 /* SplashView.swift */,
			);
			path = Root;
			sourceTree = "<group>";
		};
		3D2CB445ACF4C7D85F6BCD7B /* Home */ = {
			isa = PBXGroup;
			children = (
				B3BFF1D29A1C0333F6FE9665 /* AccountCarouselView.swift */,
				676F23AAA29C1D39C746C9AE /* AccountFormView.swift */,
				149E11AA96194A21601EE73F /* HomeSavingsSnapshotView.swift */,
				616C0D248E5CD52D019DE875 /* HomeTabView.swift */,
				6D058D6C4B704A2FC9F6F868 /* InsightCardsView.swift */,
				ED736B31CDD5DEBF72053EC8 /* RecentTransactionsView.swift */,
				9DE8D1CB7AD218C241D29AAD /* ShareAccountView.swift */,
				4A9A1EF45AABE938BDD4EE4D /* StreakBadgeView.swift */,
				2EA562FB8B99A77709A8173D /* SummaryCardsView.swift */,
			);
			path = Home;
			sourceTree = "<group>";
		};
		46CB101CBF2747D6CD7F6738 /* Shared */ = {
			isa = PBXGroup;
			children = (
				65434B73BB450853FC3F444E /* CurrencyText.swift */,
				EEFD67D22658062E0AF548E0 /* EmptyStateView.swift */,
				60E9E3612446CC1E7CCC72C7 /* FilterHeaderView.swift */,
				B2CFCD3F1FA7B45031654CE8 /* AppHeaderView.swift */,
				758C1D80AF7211A0229E2AF1 /* FABView.swift */,
				E9995D671A28C30260FC7BB1 /* CalculatorKeyboardView.swift */,
				CACHE_IMG_001_FILE_REF_0001 /* CachedAsyncImage.swift */,
				D12FB541C4B900F46B202638 /* LoadingView.swift */,
			);
			path = Shared;
			sourceTree = "<group>";
		};
		5E8FAFE209AAF135E3A5AF01 /* Achievements */ = {
			isa = PBXGroup;
			children = (
				547055718E8E86D54B15C7CF /* AchievementBadgeView.swift */,
				E0A3922D42CB0CAE5BF84F31 /* AchievementsView.swift */,
				C9AF2D37ED5C32336B1C3554 /* LevelUpView.swift */,
			);
			path = Achievements;
			sourceTree = "<group>";
		};
		61C73AB8B4463DBB1BE8B223 /* Views */ = {
			isa = PBXGroup;
			children = (
				5E8FAFE209AAF135E3A5AF01 /* Achievements */,
				240A3EF4B7D2C3B7D5F1A041 /* Analytics */,
				A59AC7EFFF87B7D0A557B402 /* Assistant */,
				977EF9C0A9BAA341E81A85AF /* Auth */,
				FF8C4387A677A7485D76911C /* Budgets */,
				3D2CB445ACF4C7D85F6BCD7B /* Home */,
				358A9B1EA1DEB1DFEEE98B17 /* Root */,
				BB63E66C7DE4D610D0C934F9 /* Savings */,
				C77BBCA083FAF9C58D31FFD8 /* Settings */,
				46CB101CBF2747D6CD7F6738 /* Shared */,
				E955F9EE96445ACE45C9C366 /* Subscriptions */,
				962F4C3A60082B3DBCE5D576 /* Transactions */,
			);
			path = Views;
			sourceTree = "<group>";
		};
		78B856A8965CBB5BF143264B /* ViewModels */ = {
			isa = PBXGroup;
			children = (
				01B140AC1B112CBFC6D9195C /* AchievementsViewModel.swift */,
				77EA516F5B3BC70E9D23EADA /* AnalyticsViewModel.swift */,
				31AA3877A2A8E8EE321BC019 /* AppViewModel.swift */,
				19C93145D460195AF47EF461 /* AssistantViewModel.swift */,
				8678B93E432A8A952260CA8C /* BudgetsViewModel.swift */,
				6B5FE1332FF774DC471D4F3C /* HomeViewModel.swift */,
				8F136560E724B698AAFBBF9A /* SavingsViewModel.swift */,
				CA724320D711DD058E2B4D82 /* SubscriptionsViewModel.swift */,
				C38B51D9D8B9B10155A3CC0D /* TransactionsViewModel.swift */,
			);
			path = ViewModels;
			sourceTree = "<group>";
		};
		962F4C3A60082B3DBCE5D576 /* Transactions */ = {
			isa = PBXGroup;
			children = (
				4C211FAE78CA989CB0EFAA97 /* CategoryPickerView.swift */,
				0A0F906E34FC03563FD301D4 /* SearchView.swift */,
				8AF8EE63CEF3E3AC9EA19D10 /* TransactionFormView.swift */,
				911532E4FE4098727AD61757 /* TransactionRowView.swift */,
				456C6961EB5397AF543DECC9 /* TransactionsTabView.swift */,
				A9385B9EDEECD0C2F651AC0F /* TransferFormView.swift */,
			);
			path = Transactions;
			sourceTree = "<group>";
		};
		977EF9C0A9BAA341E81A85AF /* Auth */ = {
			isa = PBXGroup;
			children = (
				8123FDB865E539181DB1A69E /* LoginView.swift */,
				F3E319DCDCF80CFB17EC0B0A /* MigrationCodeView.swift */,
			);
			path = Auth;
			sourceTree = "<group>";
		};
		A59AC7EFFF87B7D0A557B402 /* Assistant */ = {
			isa = PBXGroup;
			children = (
				596E30134A0FA5750FF736B6 /* AssistantView.swift */,
				F5C90ADB36677C52FF8CF229 /* EvidenceCardView.swift */,
				DE2B41CAE1AE45DE34E444CF /* ActionPreviewSheet.swift */,
				B4DE0EF0D2695DE0D29B4E09 /* MessageBubbleView.swift */,
				BC8939D5CD844C01F259C918 /* QuickPromptsView.swift */,
			);
			path = Assistant;
			sourceTree = "<group>";
		};
		BB63E66C7DE4D610D0C934F9 /* Savings */ = {
			isa = PBXGroup;
			children = (
				C3210E3480C3FF0F60787AD6 /* ContributionSheetView.swift */,
				59E5F93F8BC1E265B6438CCB /* SavingsGoalCardView.swift */,
				6A2C2B31DBF9895FB58D8A37 /* SavingsGoalDetailView.swift */,
				53FDEFCC827F6CD5FCB66A64 /* SavingsGoalFormView.swift */,
				1978B204BDE569349E83D21D /* SavingsGoalListView.swift */,
			);
			path = Savings;
			sourceTree = "<group>";
		};
		BDA9CB0517B0EF1B92E67DD3 /* Models */ = {
			isa = PBXGroup;
			children = (
				E2075D79E0839CC0130C2C3D /* Account.swift */,
				ED77D67825DE06280BE5DFAA /* Achievement.swift */,
				00A6F860A62BF06C599A8AFD /* AiConversation.swift */,
				D59839D2402537940E6A5C7F /* AssistantModels.swift */,
				1B9D566A28936D17F0B01405 /* Budget.swift */,
				DE9EDD22340CC8DDBE7B828B /* Category.swift */,
				A2F7B796D169618419BF335E /* ExchangeRates.swift */,
				73DBCC780D7A28DE9DC71A9B /* NotificationSettings.swift */,
				F548FDEE64F06C210D42CBDA /* Profile.swift */,
				AEE752DC97115463EBA144B9 /* ReceiptScan.swift */,
				676EE98C810DA6B91945C676 /* SavingsGoal.swift */,
				23F9D90EF1B888C2E1CB0D90 /* Subscription.swift */,
				4068BD5C2B34539ACEE31559 /* Transaction.swift */,
				79EB1D3B16CBD84AD0DCA51E /* UserSubscription.swift */,
			);
			path = Models;
			sourceTree = "<group>";
		};
		C705782F9BA5DC3A07E5D3CC /* Config */ = {
			isa = PBXGroup;
			children = (
				3CA3260CF402FA056EF80EC8 /* Debug.xcconfig */,
				0F11B98D8C0F1A39F4C40ADD /* Release.xcconfig */,
			);
			path = Config;
			sourceTree = "<group>";
		};
		C77BBCA083FAF9C58D31FFD8 /* Settings */ = {
			isa = PBXGroup;
			children = (
				79D3F86C311C26A7151BAE83 /* CategoriesManagementView.swift */,
				EF5E0807225F173AC0E211EB /* NotificationSettingsView.swift */,
				2A7755B9D1937707AF8E6E1F /* PremiumPaywallView.swift */,
				0F36AAA68493118CF39A4D3E /* ProfileEditView.swift */,
				C7ABE6CED9D074DA7137C85F /* SettingsView.swift */,
				6E7503421A191CDFC28CB3DC /* ExportView.swift */,
				3C45C7083D46285E90307AF2 /* AISettingsView.swift */,
			);
			path = Settings;
			sourceTree = "<group>";
		};
		CF02FCAE8C199D3717DBB7DB /* Localization */ = {
			isa = PBXGroup;
			children = (
				0330E703C019D7B3F86197E6 /* Localizable.xcstrings */,
			);
			path = Localization;
			sourceTree = "<group>";
		};
		D45B8944CB8FFC37CB769DFD /* Repositories */ = {
			isa = PBXGroup;
			children = (
				63C07ED176280108B620D58C /* AccountRepository.swift */,
				46150F6E1E8857A9291AA5C9 /* AchievementRepository.swift */,
				DC0F925C8D01829EEFAB0374 /* AiRepository.swift */,
				DC9CEC09B09C3CEE4AA15174 /* BudgetRepository.swift */,
				23B12AC84543A571832A93DC /* CategoryRepository.swift */,
				BEAB2B4EE65C625F1796D0F3 /* FeatureFlagRepository.swift */,
				74072AF0E8A86E572AFC0BC2 /* ProfileRepository.swift */,
				AF0E061C6C28A734527E14ED /* SavingsGoalRepository.swift */,
				4FC94829DD328AD6CE6EDEEC /* SubscriptionTrackerRepository.swift */,
				8121C05311966E50C6E7FAB2 /* TransactionRepository.swift */,
			);
			path = Repositories;
			sourceTree = "<group>";
		};
		DB2554E46BD1ED54965B714C /* Services */ = {
			isa = PBXGroup;
			children = (
				BD71B178C79E5256314A6EC4 /* AuthManager.swift */,
				FF3E55B191A804B4B5B97167 /* CurrencyManager.swift */,
				50EA40FA65D58EED86060438 /* DataStore.swift */,
				10CE11E34BF97B493283C827 /* HapticManager.swift */,
				1C8E6FD68F0CF142049B5DA3 /* CSVExporter.swift */,
				DBEE948B5CCE9BAB006C94DB /* ThemeManager.swift */,
				BUDMATH01_FILE_REF_00001 /* BudgetMath.swift */,
				0ED40284127D03030846ADF7 /* CalculatorState.swift */,
				E943C32E125BB4505761CA30 /* ExchangeRateService.swift */,
				94C0B4D04279CD2CA93F57C7 /* KeychainService.swift */,
				D178657F88574DCC92D234A4 /* NotificationManager.swift */,
				8473385CFEE3FE00448561C8 /* PaymentManager.swift */,
				B8ADA415BE7DDBDBAEAFAD34 /* SupabaseManager.swift */,
			);
			path = Services;
			sourceTree = "<group>";
		};
		E81102AD12F335CA2D54337D /* Preview Content */ = {
			isa = PBXGroup;
			children = (
				BA3D17B9D8791B07B1727952 /* PreviewData.swift */,
			);
			path = "Preview Content";
			sourceTree = "<group>";
		};
		E955F9EE96445ACE45C9C366 /* Subscriptions */ = {
			isa = PBXGroup;
			children = (
				C83CE862E61CD29CA1E8F980 /* SubscriptionListView.swift */,
			);
			path = Subscriptions;
			sourceTree = "<group>";
		};
		FF819C9EB42F0BCF7407996E /* Extensions */ = {
			isa = PBXGroup;
			children = (
				EAD986ABD38E240D65D69D70 /* Color+Hex.swift */,
				C5FB0ED5DFB48929E8AD65FA /* Color+Theme.swift */,
				84050C2ADCAA39D342B4D8C0 /* Date+Formatting.swift */,
				75A8DBBF1BEFA4FD61AE069E /* Decimal+Currency.swift */,
				4B774387BFAAED31DC310A3A /* String+Nonce.swift */,
			);
			path = Extensions;
			sourceTree = "<group>";
		};
		FF8C4387A677A7485D76911C /* Budgets */ = {
			isa = PBXGroup;
			children = (
				14598720EA7BAE977C123766 /* BudgetCardView.swift */,
				AE0890C3925BD64853C4FD23 /* BudgetFormView.swift */,
				E66DD3DED8AB88DA009D848E /* BudgetsTabView.swift */,
			);
			path = Budgets;
			sourceTree = "<group>";
		};
/* End PBXGroup section */

/* Begin PBXNativeTarget section */
		7275B9CBA8A216E8B6B73894 /* AkifiIOS */ = {
			isa = PBXNativeTarget;
			buildConfigurationList = 29069940239395382CECFB3D /* Build configuration list for PBXNativeTarget "AkifiIOS" */;
			buildPhases = (
				AD6EEACB2D42B7CBD9E20B4B /* Sources */,
				DE9EC1FF301F1A4FDA7C7ECD /* Resources */,
				A9681A0A88CBA26167B1652C /* Frameworks */,
			);
			buildRules = (
			);
			dependencies = (
			);
			name = AkifiIOS;
			packageProductDependencies = (
				47C26544A304BA16DA1F5165 /* Supabase */,
			);
			productName = AkifiIOS;
			productReference = 7A9AF5FAAF765DBFB8A2D2FD /* AkifiIOS.app */;
			productType = "com.apple.product-type.application";
		};
/* End PBXNativeTarget section */

/* Begin PBXProject section */
		081C4496EC82BE64A7375A62 /* Project object */ = {
			isa = PBXProject;
			attributes = {
				BuildIndependentTargetsInParallel = YES;
				LastUpgradeCheck = 2630;
			};
			buildConfigurationList = E35C80D2BD703F2A252320B5 /* Build configuration list for PBXProject "AkifiIOS" */;
			developmentRegion = ru;
			hasScannedForEncodings = 0;
			knownRegions = (
				Base,
				en,
				ru,
			);
			mainGroup = 0BEEC0AC0059325130159D97;
			minimizedProjectReferenceProxies = 1;
			packageReferences = (
				2A4643144EFCF0123A6DE4D0 /* XCRemoteSwiftPackageReference "supabase-swift" */,
			);
			preferredProjectObjectVersion = 77;
			productRefGroup = 060D88B1EE3EA538CAC04A16 /* Products */;
			projectDirPath = "";
			projectRoot = "";
			targets = (
				7275B9CBA8A216E8B6B73894 /* AkifiIOS */,
			);
		};
/* End PBXProject section */

/* Begin PBXResourcesBuildPhase section */
		DE9EC1FF301F1A4FDA7C7ECD /* Resources */ = {
			isa = PBXResourcesBuildPhase;
			buildActionMask = 2147483647;
			files = (
				783FFD042EEC7ACD4105F3F5 /* Localizable.xcstrings in Resources */,
				7DF2299704B2A55F5A1FB703 /* PrivacyInfo.xcprivacy in Resources */,
			);
			runOnlyForDeploymentPostprocessing = 0;
		};
/* End PBXResourcesBuildPhase section */

/* Begin PBXSourcesBuildPhase section */
		AD6EEACB2D42B7CBD9E20B4B /* Sources */ = {
			isa = PBXSourcesBuildPhase;
			buildActionMask = 2147483647;
			files = (
				E1A7BB737C6BDB410DA975D5 /* Account.swift in Sources */,
				46BB4A88B6171524048E702F /* AccountCarouselView.swift in Sources */,
				CE13051C181A1D26E2789254 /* AccountFormView.swift in Sources */,
				EBA923FDEBF7B8719FB6B953 /* AccountRepository.swift in Sources */,
				786EA354D9085FBDC9AB1DCD /* Achievement.swift in Sources */,
				F2364BB2C52E3795B368BF5F /* AchievementBadgeView.swift in Sources */,
				53C1915048C8687517E78A47 /* AchievementRepository.swift in Sources */,
				16B7625EEFAB6145746BBDFC /* AchievementsView.swift in Sources */,
				0AA8DBCDA3C13B7FC5B3DB6D /* AchievementsViewModel.swift in Sources */,
				841F2CADF5FE32648BCA76CA /* AiConversation.swift in Sources */,
				93C257ABF7CCF9AD937207CF /* AssistantModels.swift in Sources */,
				C00001869001CAAFF57ED39E /* AiRepository.swift in Sources */,
				C52AC774F4405C0A1A0752A1 /* AkifiApp.swift in Sources */,
				E45A0B3830B992820C3B6BAF /* AnalyticsTabView.swift in Sources */,
				F05512EE6C078D52C9390CBA /* CashflowTrendView.swift in Sources */,
				981F89E4F1DA9ABA7B5D14FF /* MonthlySummaryView.swift in Sources */,
				36006235EE9DAE847B4589F0 /* DailyLimitWidgetView.swift in Sources */,
				85BDF15FD88C64BBEF792145 /* WidgetFilterView.swift in Sources */,
				E2C1E5CDFF2E178FCBF3A27F /* AnalyticsViewModel.swift in Sources */,
				0B40F2176CF35BF2DC6C61F4 /* AppConstants.swift in Sources */,
				FA93F4D68142094DA039E128 /* AppViewModel.swift in Sources */,
				F3F7C64643ADEA64509928E6 /* AssistantView.swift in Sources */,
				1CD9E1E30909A360C8222A11 /* EvidenceCardView.swift in Sources */,
				153290C3258EFC860735B9AB /* ActionPreviewSheet.swift in Sources */,
				1991DC6405A7EBB651C84992 /* AssistantViewModel.swift in Sources */,
				DC9D5F73ECBB4B2767F4D1FB /* AuthManager.swift in Sources */,
				67653039202E4322F26F51E5 /* Budget.swift in Sources */,
				A525AF8C213E918E5565684D /* BudgetCardView.swift in Sources */,
				F5ADA701D2725ABCBB1E2822 /* BudgetFormView.swift in Sources */,
				4DFA98A29CD11692D0D8EA90 /* BudgetRepository.swift in Sources */,
				299A3E39D38911A7265B2818 /* BudgetsTabView.swift in Sources */,
				3A8F5E36A0D52778E4D2125B /* BudgetsViewModel.swift in Sources */,
				B2FFBCF327ADA2A19BFE10D2 /* CashflowChartView.swift in Sources */,
				047E52ED7B05D07131A59598 /* CategoriesManagementView.swift in Sources */,
				B82B04E318D96348669ADF46 /* Category.swift in Sources */,
				F30DFA820371641AC8598214 /* CategoryBreakdownView.swift in Sources */,
				06786FE8B2570DFE40FD4647 /* CategoryPickerView.swift in Sources */,
				3416533845CF28DA540CF85F /* CategoryRepository.swift in Sources */,
				8BC173358EDB8C871DE610A9 /* Color+Hex.swift in Sources */,
				31DF342CF6FEFEE6F1924ED1 /* Color+Theme.swift in Sources */,
				28AFE736EC9592E9183920B7 /* ContentView.swift in Sources */,
				CAA9B0E2E6D674DBF6C9F6E6 /* ContributionSheetView.swift in Sources */,
				FB2231D5EACFC1E2F0FECDC0 /* CurrencyManager.swift in Sources */,
				78FDC02F2F5EE1FA7BBB6E79 /* CurrencyText.swift in Sources */,
				0B0796B0A38CBB492660CC3D /* DataStore.swift in Sources */,
				BC2DAC1B504DF85FDF0E6026 /* HapticManager.swift in Sources */,
				BA1885C1B1E9B34BAD45A844 /* CSVExporter.swift in Sources */,
				0D2DC73A3D9FA8837664DC88 /* ThemeManager.swift in Sources */,
				BUDMATH02_BUILD_REF_0001 /* BudgetMath.swift in Sources */,
				E314092E3536BFA7F649F01C /* CalculatorState.swift in Sources */,
				193EBB589BB33E2C397F722D /* Date+Formatting.swift in Sources */,
				6792AD7BCC982FB2D65F8D78 /* Decimal+Currency.swift in Sources */,
				600CAE4C370262B21A671AC4 /* EmptyStateView.swift in Sources */,
				7ABC2332BB3F18D92D077446 /* ExchangeRateService.swift in Sources */,
				B73A0C4EB55B3FD8657DA23C /* ExchangeRates.swift in Sources */,
				7B7D530CE41D3234A154F4A8 /* FeatureFlagRepository.swift in Sources */,
				178818E53F8CC46FDABCC0AF /* FilterHeaderView.swift in Sources */,
				DA53B5C980FEDA93F9B41DBD /* AppHeaderView.swift in Sources */,
				5779DCB9FEAC9A89DF222F99 /* FABView.swift in Sources */,
				DB6393633223F3DB50F432FA /* CalculatorKeyboardView.swift in Sources */,
				CACHE_IMG_002_BUILD_REF_001 /* CachedAsyncImage.swift in Sources */,
				5A843CB504E6A189C1618FEE /* HomeSavingsSnapshotView.swift in Sources */,
				D4863D10B5AD673C49200709 /* HomeTabView.swift in Sources */,
				D5FCE19ECC78E1F95992B617 /* HomeViewModel.swift in Sources */,
				4875E49D68D6CEF0ACFCBA34 /* InsightCardsView.swift in Sources */,
				F77D6D6BF509E3A9427B15B0 /* KeychainService.swift in Sources */,
				E6E02C1A73EFE9D9C0BD0849 /* LevelUpView.swift in Sources */,
				6A655C4A8BF63EBCEBFA4F4E /* LoadingView.swift in Sources */,
				16F1A8ED9E4B861607A9ACC1 /* LoginView.swift in Sources */,
				B7A83C6B8DADD643D4AA99DE /* MessageBubbleView.swift in Sources */,
				0D6B6D8A18C6B6BAD00CF5B2 /* MigrationCodeView.swift in Sources */,
				328C8AA23D1D82DF282F1A65 /* NotificationManager.swift in Sources */,
				ECCE3593C65DF683F1EF0EB1 /* NotificationSettings.swift in Sources */,
				3FC6D5392A1C7C1E40FD4169 /* NotificationSettingsView.swift in Sources */,
				8D9481F1E9F2ACF89547236F /* OnboardingView.swift in Sources */,
				4C7B88FA388B736C22FFC444 /* PaymentManager.swift in Sources */,
				5D06A7492FB09370A52F5C3C /* PortfolioChartView.swift in Sources */,
				C2C0D64A725EBA3C08CBACB4 /* PremiumPaywallView.swift in Sources */,
				465082A804C06A6B10001523 /* PreviewData.swift in Sources */,
				EABF9430D7D93E4004AD3770 /* Profile.swift in Sources */,
				697216DF3C268A03501DB38A /* ProfileEditView.swift in Sources */,
				F3EE92925C2C2B75582A44D2 /* ProfileRepository.swift in Sources */,
				82E34AA362093FCF50CA58A8 /* QuickPromptsView.swift in Sources */,
				F205229791689C8A9BF4D11E /* ReceiptScan.swift in Sources */,
				B67CF59FAE7022CF67FA1299 /* RecentTransactionsView.swift in Sources */,
				34701C0375E0821A4B380C23 /* SavingsGoal.swift in Sources */,
				BE8CE895B41654C58B5E97F0 /* SavingsGoalCardView.swift in Sources */,
				3D3CBA608DD17303C9CB2CA0 /* SavingsGoalDetailView.swift in Sources */,
				38224DB6CBF4C019AA4F4055 /* SavingsGoalFormView.swift in Sources */,
				C15DC79402F5E6601E8DC782 /* SavingsGoalListView.swift in Sources */,
				04A6BDF7961FC89DAC1B65AB /* SavingsGoalRepository.swift in Sources */,
				0345570121348BC01B535E8F /* SavingsViewModel.swift in Sources */,
				F6567B735E2A994D70D5B6AD /* SearchView.swift in Sources */,
				7A2812A26246E5F116D4F497 /* SettingsView.swift in Sources */,
				2FB3D18F728D6D9C98B01C71 /* ExportView.swift in Sources */,
				18D628A8DDDF19D6456D5E82 /* AISettingsView.swift in Sources */,
				3C00592389B16543614C0DF5 /* ShareAccountView.swift in Sources */,
				6BAD60A00A05004801DC79EC /* SplashView.swift in Sources */,
				DEB660D12F319BD2F5824827 /* StreakBadgeView.swift in Sources */,
				DAFE5356CFE1D4D53DC5B57B /* String+Nonce.swift in Sources */,
				4A46476188E69C939508048F /* Subscription.swift in Sources */,
				47842FCC0F409787ABE1706A /* SubscriptionListView.swift in Sources */,
				BD1FD7484D2252E5ADE3E523 /* SubscriptionTrackerRepository.swift in Sources */,
				C882899C457897D6F70CFA41 /* SubscriptionsViewModel.swift in Sources */,
				704060E31038BC9A1B94C955 /* SummaryCardsView.swift in Sources */,
				04DF61DAB1C3076A88989578 /* SupabaseManager.swift in Sources */,
				63A3AEF9EE4B365CD7AAEB43 /* Transaction.swift in Sources */,
				725FBEB673715D69A1E5ADD2 /* TransactionFormView.swift in Sources */,
				10F97B22C79C67FDB07207BC /* TransactionRepository.swift in Sources */,
				E1E25ABAC2A149E04C8B73E1 /* TransactionRowView.swift in Sources */,
				6B4D788282A411C3A672E8E5 /* TransactionsTabView.swift in Sources */,
				86AFDAB951F927B388EDEBFE /* TransactionsViewModel.swift in Sources */,
				A7A02FD46221C19DBDFD8FFD /* TransferFormView.swift in Sources */,
				E8F3EE26B63DC6074D347C6F /* UserSubscription.swift in Sources */,
			);
			runOnlyForDeploymentPostprocessing = 0;
		};
/* End PBXSourcesBuildPhase section */

/* Begin XCBuildConfiguration section */
		59E293F88586E3A8BA8505E7 /* Release */ = {
			isa = XCBuildConfiguration;
			baseConfigurationReference = 0F11B98D8C0F1A39F4C40ADD /* Release.xcconfig */;
			buildSettings = {
				ALWAYS_SEARCH_USER_PATHS = NO;
				CLANG_ANALYZER_LOCALIZABILITY_NONLOCALIZED = YES;
				CLANG_ANALYZER_NONNULL = YES;
				CLANG_ANALYZER_NUMBER_OBJECT_CONVERSION = YES_AGGRESSIVE;
				CLANG_CXX_LANGUAGE_STANDARD = "gnu++14";
				CLANG_CXX_LIBRARY = "libc++";
				CLANG_ENABLE_MODULES = YES;
				CLANG_ENABLE_OBJC_ARC = YES;
				CLANG_ENABLE_OBJC_WEAK = YES;
				CLANG_WARN_BLOCK_CAPTURE_AUTORELEASING = YES;
				CLANG_WARN_BOOL_CONVERSION = YES;
				CLANG_WARN_COMMA = YES;
				CLANG_WARN_CONSTANT_CONVERSION = YES;
				CLANG_WARN_DEPRECATED_OBJC_IMPLEMENTATIONS = YES;
				CLANG_WARN_DIRECT_OBJC_ISA_USAGE = YES_ERROR;
				CLANG_WARN_DOCUMENTATION_COMMENTS = YES;
				CLANG_WARN_EMPTY_BODY = YES;
				CLANG_WARN_ENUM_CONVERSION = YES;
				CLANG_WARN_INFINITE_RECURSION = YES;
				CLANG_WARN_INT_CONVERSION = YES;
				CLANG_WARN_NON_LITERAL_NULL_CONVERSION = YES;
				CLANG_WARN_OBJC_IMPLICIT_RETAIN_SELF = YES;
				CLANG_WARN_OBJC_LITERAL_CONVERSION = YES;
				CLANG_WARN_OBJC_ROOT_CLASS = YES_ERROR;
				CLANG_WARN_QUOTED_INCLUDE_IN_FRAMEWORK_HEADER = YES;
				CLANG_WARN_RANGE_LOOP_ANALYSIS = YES;
				CLANG_WARN_STRICT_PROTOTYPES = YES;
				CLANG_WARN_SUSPICIOUS_MOVE = YES;
				CLANG_WARN_UNGUARDED_AVAILABILITY = YES_AGGRESSIVE;
				CLANG_WARN_UNREACHABLE_CODE = YES;
				CLANG_WARN__DUPLICATE_METHOD_MATCH = YES;
				COPY_PHASE_STRIP = NO;
				CURRENT_PROJECT_VERSION = 1;
				DEBUG_INFORMATION_FORMAT = "dwarf-with-dsym";
				ENABLE_NS_ASSERTIONS = NO;
				ENABLE_STRICT_OBJC_MSGSEND = YES;
				ENABLE_USER_SCRIPT_SANDBOXING = YES;
				GCC_C_LANGUAGE_STANDARD = gnu11;
				GCC_NO_COMMON_BLOCKS = YES;
				GCC_WARN_64_TO_32_BIT_CONVERSION = YES;
				GCC_WARN_ABOUT_RETURN_TYPE = YES_ERROR;
				GCC_WARN_UNDECLARED_SELECTOR = YES;
				GCC_WARN_UNINITIALIZED_AUTOS = YES_AGGRESSIVE;
				GCC_WARN_UNUSED_FUNCTION = YES;
				GCC_WARN_UNUSED_VARIABLE = YES;
				IPHONEOS_DEPLOYMENT_TARGET = 18.0;
				MARKETING_VERSION = 1.0.0;
				MTL_ENABLE_DEBUG_INFO = NO;
				MTL_FAST_MATH = YES;
				PRODUCT_NAME = "$(TARGET_NAME)";
				SDKROOT = iphoneos;
				STRING_CATALOG_GENERATE_SYMBOLS = YES;
				SWIFT_COMPILATION_MODE = wholemodule;
				SWIFT_OPTIMIZATION_LEVEL = "-O";
				SWIFT_VERSION = 6.0;
			};
			name = Release;
		};
		892D58AE0D25A192001C27E9 /* Debug */ = {
			isa = XCBuildConfiguration;
			baseConfigurationReference = 3CA3260CF402FA056EF80EC8 /* Debug.xcconfig */;
			buildSettings = {
				ALWAYS_SEARCH_USER_PATHS = NO;
				CLANG_ANALYZER_LOCALIZABILITY_NONLOCALIZED = YES;
				CLANG_ANALYZER_NONNULL = YES;
				CLANG_ANALYZER_NUMBER_OBJECT_CONVERSION = YES_AGGRESSIVE;
				CLANG_CXX_LANGUAGE_STANDARD = "gnu++14";
				CLANG_CXX_LIBRARY = "libc++";
				CLANG_ENABLE_MODULES = YES;
				CLANG_ENABLE_OBJC_ARC = YES;
				CLANG_ENABLE_OBJC_WEAK = YES;
				CLANG_WARN_BLOCK_CAPTURE_AUTORELEASING = YES;
				CLANG_WARN_BOOL_CONVERSION = YES;
				CLANG_WARN_COMMA = YES;
				CLANG_WARN_CONSTANT_CONVERSION = YES;
				CLANG_WARN_DEPRECATED_OBJC_IMPLEMENTATIONS = YES;
				CLANG_WARN_DIRECT_OBJC_ISA_USAGE = YES_ERROR;
				CLANG_WARN_DOCUMENTATION_COMMENTS = YES;
				CLANG_WARN_EMPTY_BODY = YES;
				CLANG_WARN_ENUM_CONVERSION = YES;
				CLANG_WARN_INFINITE_RECURSION = YES;
				CLANG_WARN_INT_CONVERSION = YES;
				CLANG_WARN_NON_LITERAL_NULL_CONVERSION = YES;
				CLANG_WARN_OBJC_IMPLICIT_RETAIN_SELF = YES;
				CLANG_WARN_OBJC_LITERAL_CONVERSION = YES;
				CLANG_WARN_OBJC_ROOT_CLASS = YES_ERROR;
				CLANG_WARN_QUOTED_INCLUDE_IN_FRAMEWORK_HEADER = YES;
				CLANG_WARN_RANGE_LOOP_ANALYSIS = YES;
				CLANG_WARN_STRICT_PROTOTYPES = YES;
				CLANG_WARN_SUSPICIOUS_MOVE = YES;
				CLANG_WARN_UNGUARDED_AVAILABILITY = YES_AGGRESSIVE;
				CLANG_WARN_UNREACHABLE_CODE = YES;
				CLANG_WARN__DUPLICATE_METHOD_MATCH = YES;
				COPY_PHASE_STRIP = NO;
				CURRENT_PROJECT_VERSION = 1;
				DEBUG_INFORMATION_FORMAT = dwarf;
				ENABLE_STRICT_OBJC_MSGSEND = YES;
				ENABLE_TESTABILITY = YES;
				ENABLE_USER_SCRIPT_SANDBOXING = YES;
				GCC_C_LANGUAGE_STANDARD = gnu11;
				GCC_DYNAMIC_NO_PIC = NO;
				GCC_NO_COMMON_BLOCKS = YES;
				GCC_OPTIMIZATION_LEVEL = 0;
				GCC_PREPROCESSOR_DEFINITIONS = (
					"$(inherited)",
					"DEBUG=1",
				);
				GCC_WARN_64_TO_32_BIT_CONVERSION = YES;
				GCC_WARN_ABOUT_RETURN_TYPE = YES_ERROR;
				GCC_WARN_UNDECLARED_SELECTOR = YES;
				GCC_WARN_UNINITIALIZED_AUTOS = YES_AGGRESSIVE;
				GCC_WARN_UNUSED_FUNCTION = YES;
				GCC_WARN_UNUSED_VARIABLE = YES;
				IPHONEOS_DEPLOYMENT_TARGET = 18.0;
				MARKETING_VERSION = 1.0.0;
				MTL_ENABLE_DEBUG_INFO = INCLUDE_SOURCE;
				MTL_FAST_MATH = YES;
				ONLY_ACTIVE_ARCH = YES;
				PRODUCT_NAME = "$(TARGET_NAME)";
				SDKROOT = iphoneos;
				STRING_CATALOG_GENERATE_SYMBOLS = YES;
				SWIFT_ACTIVE_COMPILATION_CONDITIONS = DEBUG;
				SWIFT_OPTIMIZATION_LEVEL = "-Onone";
				SWIFT_VERSION = 6.0;
			};
			name = Debug;
		};
		AB680D93FB967B4E8A5FA07E /* Release */ = {
			isa = XCBuildConfiguration;
			buildSettings = {
				ASSETCATALOG_COMPILER_APPICON_NAME = AppIcon;
				CODE_SIGN_ENTITLEMENTS = AkifiIOS/AkifiIOS.entitlements;
				CODE_SIGN_IDENTITY = "iPhone Developer";
				DEVELOPMENT_TEAM = 8GPVB9MQ58;
				INFOPLIST_FILE = AkifiIOS/Info.plist;
				LD_RUNPATH_SEARCH_PATHS = (
					"$(inherited)",
					"@executable_path/Frameworks",
				);
				PRODUCT_BUNDLE_IDENTIFIER = ru.akifi.app;
				SDKROOT = iphoneos;
				TARGETED_DEVICE_FAMILY = "1,2";
			};
			name = Release;
		};
		EA8D56E8C404D2F7F3C6645B /* Debug */ = {
			isa = XCBuildConfiguration;
			buildSettings = {
				ASSETCATALOG_COMPILER_APPICON_NAME = AppIcon;
				CODE_SIGN_ENTITLEMENTS = AkifiIOS/AkifiIOS.entitlements;
				CODE_SIGN_IDENTITY = "iPhone Developer";
				DEVELOPMENT_TEAM = 8GPVB9MQ58;
				INFOPLIST_FILE = AkifiIOS/Info.plist;
				LD_RUNPATH_SEARCH_PATHS = (
					"$(inherited)",
					"@executable_path/Frameworks",
				);
				PRODUCT_BUNDLE_IDENTIFIER = ru.akifi.app;
				SDKROOT = iphoneos;
				TARGETED_DEVICE_FAMILY = "1,2";
			};
			name = Debug;
		};
/* End XCBuildConfiguration section */

/* Begin XCConfigurationList section */
		29069940239395382CECFB3D /* Build configuration list for PBXNativeTarget "AkifiIOS" */ = {
			isa = XCConfigurationList;
			buildConfigurations = (
				EA8D56E8C404D2F7F3C6645B /* Debug */,
				AB680D93FB967B4E8A5FA07E /* Release */,
			);
			defaultConfigurationIsVisible = 0;
			defaultConfigurationName = Debug;
		};
		E35C80D2BD703F2A252320B5 /* Build configuration list for PBXProject "AkifiIOS" */ = {
			isa = XCConfigurationList;
			buildConfigurations = (
				892D58AE0D25A192001C27E9 /* Debug */,
				59E293F88586E3A8BA8505E7 /* Release */,
			);
			defaultConfigurationIsVisible = 0;
			defaultConfigurationName = Debug;
		};
/* End XCConfigurationList section */

/* Begin XCRemoteSwiftPackageReference section */
		2A4643144EFCF0123A6DE4D0 /* XCRemoteSwiftPackageReference "supabase-swift" */ = {
			isa = XCRemoteSwiftPackageReference;
			repositoryURL = "https://github.com/supabase/supabase-swift";
			requirement = {
				kind = upToNextMajorVersion;
				minimumVersion = 2.43.0;
			};
		};
/* End XCRemoteSwiftPackageReference section */

/* Begin XCSwiftPackageProductDependency section */
		47C26544A304BA16DA1F5165 /* Supabase */ = {
			isa = XCSwiftPackageProductDependency;
			package = 2A4643144EFCF0123A6DE4D0 /* XCRemoteSwiftPackageReference "supabase-swift" */;
			productName = Supabase;
		};
/* End XCSwiftPackageProductDependency section */
	};
	rootObject = 081C4496EC82BE64A7375A62 /* Project object */;
}
